
Microsoft Visual Studio Solution File, Format Version 12.00
# Visual Studio Version 17
VisualStudioVersion = 17.1.31911.260
MinimumVisualStudioVersion = 10.0.40219.1
Project("{F2A71F9B-5D33-465A-A702-920D77279786}") = "Rnd.Api", "Rnd.Api\Rnd.Api.fsproj", "{33FBE2E4-D039-4519-A15C-6A76A9D8FF3F}"
EndProject
Global
	GlobalSection(SolutionConfigurationPlatforms) = preSolution
		Debug|Any CPU = Debug|Any CPU
		Release|Any CPU = Release|Any CPU
	EndGlobalSection
	GlobalSection(ProjectConfigurationPlatforms) = postSolution
		{33FBE2E4-D039-4519-A15C-6A76A9D8FF3F}.Debug|Any CPU.ActiveCfg = Debug|Any CPU
		{33FBE2E4-D039-4519-A15C-6A76A9D8FF3F}.Debug|Any CPU.Build.0 = Debug|Any CPU
		{33FBE2E4-D039-4519-A15C-6A76A9D8FF3F}.Release|Any CPU.ActiveCfg = Release|Any CPU
		{33FBE2E4-D039-4519-A15C-6A76A9D8FF3F}.Release|Any CPU.Build.0 = Release|Any CPU
	EndGlobalSection
	GlobalSection(SolutionProperties) = preSolution
		HideSolutionNode = FALSE
	EndGlobalSection
	GlobalSection(ExtensibilityGlobals) = postSolution
		SolutionGuid = {3B0B6A0B-776F-4616-83DC-D3420B09DDC9}
	EndGlobalSection
EndGlobal
